
Microsoft Visual Studio Solution File, Format Version 12.00
# Visual Studio Version 16
VisualStudioVersion = 16.0.30804.86
MinimumVisualStudioVersion = 10.0.40219.1
Project("{8BC9CEB8-8B4A-11D0-8D11-00A0C91BC942}") = "HackTechLearning", "HackTechLearning\HackTechLearning.vcxproj", "{6C5ACD6A-4670-441B-93F8-F14AB4F683E9}"
EndProject
Project("{8BC9CEB8-8B4A-11D0-8D11-00A0C91BC942}") = "VirusInit", "VirusInit\VirusInit.vcxproj", "{6CC0A976-D483-4671-B2F0-BA1F82CF234D}"
EndProject
Project("{8BC9CEB8-8B4A-11D0-8D11-00A0C91BC942}") = "InjectDemo", "InjectDemo\InjectDemo.vcxproj", "{8D8ED572-947C-4C4A-9EBD-E7058D63978A}"
EndProject
Project("{8BC9CEB8-8B4A-11D0-8D11-00A0C91BC942}") = "TestDll", "TestDll\TestDll.vcxproj", "{FC6AB2FA-E041-42D9-BE67-FC7F78CBE923}"
EndProject
Project("{8BC9CEB8-8B4A-11D0-8D11-00A0C91BC942}") = "RunProc", "RunProc\RunProc.vcxproj", "{7F62695A-C2EB-41E4-9AB4-524E84544304}"
EndProject
Project("{8BC9CEB8-8B4A-11D0-8D11-00A0C91BC942}") = "ServiceLoader", "ServiceLoader\ServiceLoader.vcxproj", "{8270B98C-8A6F-43DD-B2BE-6C1F26A6E3A9}"
EndProject
Project("{8BC9CEB8-8B4A-11D0-8D11-00A0C91BC942}") = "SelfStartUp", "SelfStartUp\SelfStartUp.vcxproj", "{01826574-ACBD-43E7-9BB9-C052EF262812}"
EndProject
Project("{8BC9CEB8-8B4A-11D0-8D11-00A0C91BC942}") = "PrivilegeEscalating", "PrivilegeEscalating\PrivilegeEscalating.vcxproj", "{903D8D3A-996A-4C78-A2A8-231A7F6FBBF2}"
EndProject
Project("{8BC9CEB8-8B4A-11D0-8D11-00A0C91BC942}") = "FakeOrHide", "FakeOrHide\FakeOrHide.vcxproj", "{864452D3-AD23-44D6-A512-C91F0FA25B3F}"
EndProject
Project("{8BC9CEB8-8B4A-11D0-8D11-00A0C91BC942}") = "FakeOrHide_HOOKDLL", "FakeOrHide_HOOKDLL\FakeOrHide_HOOKDLL.vcxproj", "{ED6B2FEA-0866-4AEF-8F1D-1FD2424CEB0D}"
EndProject
Project("{8BC9CEB8-8B4A-11D0-8D11-00A0C91BC942}") = "ZIPTech", "ZIPTech\ZIPTech.vcxproj", "{04DA8A4A-997A-47A3-87A4-AD5F3309F3E9}"
EndProject
Project("{8BC9CEB8-8B4A-11D0-8D11-00A0C91BC942}") = "EncrypTech", "EncrypTech\EncrypTech.vcxproj", "{E7BE277C-49A5-4CF9-9E99-A0CF509EFAAC}"
EndProject
Project("{8BC9CEB8-8B4A-11D0-8D11-00A0C91BC942}") = "NetLinking", "NetLinking\NetLinking.vcxproj", "{B68963C9-CFB3-4120-9C1D-2554320BF996}"
EndProject
Project("{8BC9CEB8-8B4A-11D0-8D11-00A0C91BC942}") = "NetServer", "NetServer\NetServer.vcxproj", "{D0FCE847-8B0B-4E07-AEFF-666A1CABD3FD}"
EndProject
Project("{8BC9CEB8-8B4A-11D0-8D11-00A0C91BC942}") = "CommonTech", "CommonTech\CommonTech.vcxproj", "{6A3A7EFC-9750-481B-BEA7-7B3E6852F92C}"
EndProject
Project("{2150E333-8FDC-42A3-9474-1A3956D46DE8}") = "kernel", "kernel", "{5D769D74-D36E-40BB-8997-CE5AEDB9EB34}"
EndProject
Project("{2150E333-8FDC-42A3-9474-1A3956D46DE8}") = "user", "user", "{5085AA70-797B-4643-AFCB-60FAD0958622}"
EndProject
Project("{8BC9CEB8-8B4A-11D0-8D11-00A0C91BC942}") = "DriverTech", "DriverTech\DriverTech.vcxproj", "{5AD6008E-34FF-4AAF-BBEF-4A0F956E8824}"
EndProject
Global
	GlobalSection(SolutionConfigurationPlatforms) = preSolution
		Debug|ARM = Debug|ARM
		Debug|ARM64 = Debug|ARM64
		Debug|x64 = Debug|x64
		Debug|x86 = Debug|x86
		Release|ARM = Release|ARM
		Release|ARM64 = Release|ARM64
		Release|x64 = Release|x64
		Release|x86 = Release|x86
	EndGlobalSection
	GlobalSection(ProjectConfigurationPlatforms) = postSolution
		{6C5ACD6A-4670-441B-93F8-F14AB4F683E9}.Debug|ARM.ActiveCfg = Debug|Win32
		{6C5ACD6A-4670-441B-93F8-F14AB4F683E9}.Debug|ARM64.ActiveCfg = Debug|Win32
		{6C5ACD6A-4670-441B-93F8-F14AB4F683E9}.Debug|x64.ActiveCfg = Debug|x64
		{6C5ACD6A-4670-441B-93F8-F14AB4F683E9}.Debug|x64.Build.0 = Debug|x64
		{6C5ACD6A-4670-441B-93F8-F14AB4F683E9}.Debug|x86.ActiveCfg = Debug|Win32
		{6C5ACD6A-4670-441B-93F8-F14AB4F683E9}.Debug|x86.Build.0 = Debug|Win32
		{6C5ACD6A-4670-441B-93F8-F14AB4F683E9}.Release|ARM.ActiveCfg = Release|Win32
		{6C5ACD6A-4670-441B-93F8-F14AB4F683E9}.Release|ARM64.ActiveCfg = Release|Win32
		{6C5ACD6A-4670-441B-93F8-F14AB4F683E9}.Release|x64.ActiveCfg = Release|x64
		{6C5ACD6A-4670-441B-93F8-F14AB4F683E9}.Release|x64.Build.0 = Release|x64
		{6C5ACD6A-4670-441B-93F8-F14AB4F683E9}.Release|x86.ActiveCfg = Release|Win32
		{6C5ACD6A-4670-441B-93F8-F14AB4F683E9}.Release|x86.Build.0 = Release|Win32
		{6CC0A976-D483-4671-B2F0-BA1F82CF234D}.Debug|ARM.ActiveCfg = Debug|Win32
		{6CC0A976-D483-4671-B2F0-BA1F82CF234D}.Debug|ARM64.ActiveCfg = Debug|Win32
		{6CC0A976-D483-4671-B2F0-BA1F82CF234D}.Debug|x64.ActiveCfg = Debug|x64
		{6CC0A976-D483-4671-B2F0-BA1F82CF234D}.Debug|x64.Build.0 = Debug|x64
		{6CC0A976-D483-4671-B2F0-BA1F82CF234D}.Debug|x86.ActiveCfg = Debug|Win32
		{6CC0A976-D483-4671-B2F0-BA1F82CF234D}.Debug|x86.Build.0 = Debug|Win32
		{6CC0A976-D483-4671-B2F0-BA1F82CF234D}.Release|ARM.ActiveCfg = Release|Win32
		{6CC0A976-D483-4671-B2F0-BA1F82CF234D}.Release|ARM64.ActiveCfg = Release|Win32
		{6CC0A976-D483-4671-B2F0-BA1F82CF234D}.Release|x64.ActiveCfg = Release|x64
		{6CC0A976-D483-4671-B2F0-BA1F82CF234D}.Release|x64.Build.0 = Release|x64
		{6CC0A976-D483-4671-B2F0-BA1F82CF234D}.Release|x86.ActiveCfg = Release|Win32
		{6CC0A976-D483-4671-B2F0-BA1F82CF234D}.Release|x86.Build.0 = Release|Win32
		{8D8ED572-947C-4C4A-9EBD-E7058D63978A}.Debug|ARM.ActiveCfg = Debug|Win32
		{8D8ED572-947C-4C4A-9EBD-E7058D63978A}.Debug|ARM64.ActiveCfg = Debug|Win32
		{8D8ED572-947C-4C4A-9EBD-E7058D63978A}.Debug|x64.ActiveCfg = Debug|x64
		{8D8ED572-947C-4C4A-9EBD-E7058D63978A}.Debug|x64.Build.0 = Debug|x64
		{8D8ED572-947C-4C4A-9EBD-E7058D63978A}.Debug|x86.ActiveCfg = Debug|Win32
		{8D8ED572-947C-4C4A-9EBD-E7058D63978A}.Debug|x86.Build.0 = Debug|Win32
		{8D8ED572-947C-4C4A-9EBD-E7058D63978A}.Release|ARM.ActiveCfg = Release|Win32
		{8D8ED572-947C-4C4A-9EBD-E7058D63978A}.Release|ARM64.ActiveCfg = Release|Win32
		{8D8ED572-947C-4C4A-9EBD-E7058D63978A}.Release|x64.ActiveCfg = Release|x64
		{8D8ED572-947C-4C4A-9EBD-E7058D63978A}.Release|x64.Build.0 = Release|x64
		{8D8ED572-947C-4C4A-9EBD-E7058D63978A}.Release|x86.ActiveCfg = Release|Win32
		{8D8ED572-947C-4C4A-9EBD-E7058D63978A}.Release|x86.Build.0 = Release|Win32
		{FC6AB2FA-E041-42D9-BE67-FC7F78CBE923}.Debug|ARM.ActiveCfg = Debug|Win32
		{FC6AB2FA-E041-42D9-BE67-FC7F78CBE923}.Debug|ARM64.ActiveCfg = Debug|Win32
		{FC6AB2FA-E041-42D9-BE67-FC7F78CBE923}.Debug|x64.ActiveCfg = Debug|x64
		{FC6AB2FA-E041-42D9-BE67-FC7F78CBE923}.Debug|x64.Build.0 = Debug|x64
		{FC6AB2FA-E041-42D9-BE67-FC7F78CBE923}.Debug|x86.ActiveCfg = Debug|Win32
		{FC6AB2FA-E041-42D9-BE67-FC7F78CBE923}.Debug|x86.Build.0 = Debug|Win32
		{FC6AB2FA-E041-42D9-BE67-FC7F78CBE923}.Release|ARM.ActiveCfg = Release|Win32
		{FC6AB2FA-E041-42D9-BE67-FC7F78CBE923}.Release|ARM64.ActiveCfg = Release|Win32
		{FC6AB2FA-E041-42D9-BE67-FC7F78CBE923}.Release|x64.ActiveCfg = Release|x64
		{FC6AB2FA-E041-42D9-BE67-FC7F78CBE923}.Release|x64.Build.0 = Release|x64
		{FC6AB2FA-E041-42D9-BE67-FC7F78CBE923}.Release|x86.ActiveCfg = Release|Win32
		{FC6AB2FA-E041-42D9-BE67-FC7F78CBE923}.Release|x86.Build.0 = Release|Win32
		{7F62695A-C2EB-41E4-9AB4-524E84544304}.Debug|ARM.ActiveCfg = Debug|Win32
		{7F62695A-C2EB-41E4-9AB4-524E84544304}.Debug|ARM64.ActiveCfg = Debug|Win32
		{7F62695A-C2EB-41E4-9AB4-524E84544304}.Debug|x64.ActiveCfg = Debug|x64
		{7F62695A-C2EB-41E4-9AB4-524E84544304}.Debug|x64.Build.0 = Debug|x64
		{7F62695A-C2EB-41E4-9AB4-524E84544304}.Debug|x86.ActiveCfg = Debug|Win32
		{7F62695A-C2EB-41E4-9AB4-524E84544304}.Debug|x86.Build.0 = Debug|Win32
		{7F62695A-C2EB-41E4-9AB4-524E84544304}.Release|ARM.ActiveCfg = Release|Win32
		{7F62695A-C2EB-41E4-9AB4-524E84544304}.Release|ARM64.ActiveCfg = Release|Win32
		{7F62695A-C2EB-41E4-9AB4-524E84544304}.Release|x64.ActiveCfg = Release|x64
		{7F62695A-C2EB-41E4-9AB4-524E84544304}.Release|x64.Build.0 = Release|x64
		{7F62695A-C2EB-41E4-9AB4-524E84544304}.Release|x86.ActiveCfg = Release|Win32
		{7F62695A-C2EB-41E4-9AB4-524E84544304}.Release|x86.Build.0 = Release|Win32
		{8270B98C-8A6F-43DD-B2BE-6C1F26A6E3A9}.Debug|ARM.ActiveCfg = Debug|Win32
		{8270B98C-8A6F-43DD-B2BE-6C1F26A6E3A9}.Debug|ARM64.ActiveCfg = Debug|Win32
		{8270B98C-8A6F-43DD-B2BE-6C1F26A6E3A9}.Debug|x64.ActiveCfg = Debug|x64
		{8270B98C-8A6F-43DD-B2BE-6C1F26A6E3A9}.Debug|x64.Build.0 = Debug|x64
		{8270B98C-8A6F-43DD-B2BE-6C1F26A6E3A9}.Debug|x86.ActiveCfg = Debug|Win32
		{8270B98C-8A6F-43DD-B2BE-6C1F26A6E3A9}.Debug|x86.Build.0 = Debug|Win32
		{8270B98C-8A6F-43DD-B2BE-6C1F26A6E3A9}.Release|ARM.ActiveCfg = Release|Win32
		{8270B98C-8A6F-43DD-B2BE-6C1F26A6E3A9}.Release|ARM64.ActiveCfg = Release|Win32
		{8270B98C-8A6F-43DD-B2BE-6C1F26A6E3A9}.Release|x64.ActiveCfg = Release|x64
		{8270B98C-8A6F-43DD-B2BE-6C1F26A6E3A9}.Release|x64.Build.0 = Release|x64
		{8270B98C-8A6F-43DD-B2BE-6C1F26A6E3A9}.Release|x86.ActiveCfg = Release|Win32
		{8270B98C-8A6F-43DD-B2BE-6C1F26A6E3A9}.Release|x86.Build.0 = Release|Win32
		{01826574-ACBD-43E7-9BB9-C052EF262812}.Debug|ARM.ActiveCfg = Debug|Win32
		{01826574-ACBD-43E7-9BB9-C052EF262812}.Debug|ARM64.ActiveCfg = Debug|Win32
		{01826574-ACBD-43E7-9BB9-C052EF262812}.Debug|x64.ActiveCfg = Debug|x64
		{01826574-ACBD-43E7-9BB9-C052EF262812}.Debug|x64.Build.0 = Debug|x64
		{01826574-ACBD-43E7-9BB9-C052EF262812}.Debug|x86.ActiveCfg = Debug|Win32
		{01826574-ACBD-43E7-9BB9-C052EF262812}.Debug|x86.Build.0 = Debug|Win32
		{01826574-ACBD-43E7-9BB9-C052EF262812}.Release|ARM.ActiveCfg = Release|Win32
		{01826574-ACBD-43E7-9BB9-C052EF262812}.Release|ARM64.ActiveCfg = Release|Win32
		{01826574-ACBD-43E7-9BB9-C052EF262812}.Release|x64.ActiveCfg = Release|x64
		{01826574-ACBD-43E7-9BB9-C052EF262812}.Release|x64.Build.0 = Release|x64
		{01826574-ACBD-43E7-9BB9-C052EF262812}.Release|x86.ActiveCfg = Release|Win32
		{01826574-ACBD-43E7-9BB9-C052EF262812}.Release|x86.Build.0 = Release|Win32
		{903D8D3A-996A-4C78-A2A8-231A7F6FBBF2}.Debug|ARM.ActiveCfg = Debug|Win32
		{903D8D3A-996A-4C78-A2A8-231A7F6FBBF2}.Debug|ARM64.ActiveCfg = Debug|Win32
		{903D8D3A-996A-4C78-A2A8-231A7F6FBBF2}.Debug|x64.ActiveCfg = Debug|x64
		{903D8D3A-996A-4C78-A2A8-231A7F6FBBF2}.Debug|x64.Build.0 = Debug|x64
		{903D8D3A-996A-4C78-A2A8-231A7F6FBBF2}.Debug|x86.ActiveCfg = Debug|Win32
		{903D8D3A-996A-4C78-A2A8-231A7F6FBBF2}.Debug|x86.Build.0 = Debug|Win32
		{903D8D3A-996A-4C78-A2A8-231A7F6FBBF2}.Release|ARM.ActiveCfg = Release|Win32
		{903D8D3A-996A-4C78-A2A8-231A7F6FBBF2}.Release|ARM64.ActiveCfg = Release|Win32
		{903D8D3A-996A-4C78-A2A8-231A7F6FBBF2}.Release|x64.ActiveCfg = Release|x64
		{903D8D3A-996A-4C78-A2A8-231A7F6FBBF2}.Release|x64.Build.0 = Release|x64
		{903D8D3A-996A-4C78-A2A8-231A7F6FBBF2}.Release|x86.ActiveCfg = Release|Win32
		{903D8D3A-996A-4C78-A2A8-231A7F6FBBF2}.Release|x86.Build.0 = Release|Win32
		{864452D3-AD23-44D6-A512-C91F0FA25B3F}.Debug|ARM.ActiveCfg = Debug|Win32
		{864452D3-AD23-44D6-A512-C91F0FA25B3F}.Debug|ARM64.ActiveCfg = Debug|Win32
		{864452D3-AD23-44D6-A512-C91F0FA25B3F}.Debug|x64.ActiveCfg = Debug|x64
		{864452D3-AD23-44D6-A512-C91F0FA25B3F}.Debug|x64.Build.0 = Debug|x64
		{864452D3-AD23-44D6-A512-C91F0FA25B3F}.Debug|x86.ActiveCfg = Debug|Win32
		{864452D3-AD23-44D6-A512-C91F0FA25B3F}.Debug|x86.Build.0 = Debug|Win32
		{864452D3-AD23-44D6-A512-C91F0FA25B3F}.Release|ARM.ActiveCfg = Release|Win32
		{864452D3-AD23-44D6-A512-C91F0FA25B3F}.Release|ARM64.ActiveCfg = Release|Win32
		{864452D3-AD23-44D6-A512-C91F0FA25B3F}.Release|x64.ActiveCfg = Release|x64
		{864452D3-AD23-44D6-A512-C91F0FA25B3F}.Release|x64.Build.0 = Release|x64
		{864452D3-AD23-44D6-A512-C91F0FA25B3F}.Release|x86.ActiveCfg = Release|Win32
		{864452D3-AD23-44D6-A512-C91F0FA25B3F}.Release|x86.Build.0 = Release|Win32
		{ED6B2FEA-0866-4AEF-8F1D-1FD2424CEB0D}.Debug|ARM.ActiveCfg = Debug|Win32
		{ED6B2FEA-0866-4AEF-8F1D-1FD2424CEB0D}.Debug|ARM64.ActiveCfg = Debug|Win32
		{ED6B2FEA-0866-4AEF-8F1D-1FD2424CEB0D}.Debug|x64.ActiveCfg = Debug|x64
		{ED6B2FEA-0866-4AEF-8F1D-1FD2424CEB0D}.Debug|x64.Build.0 = Debug|x64
		{ED6B2FEA-0866-4AEF-8F1D-1FD2424CEB0D}.Debug|x86.ActiveCfg = Debug|Win32
		{ED6B2FEA-0866-4AEF-8F1D-1FD2424CEB0D}.Debug|x86.Build.0 = Debug|Win32
		{ED6B2FEA-0866-4AEF-8F1D-1FD2424CEB0D}.Release|ARM.ActiveCfg = Release|Win32
		{ED6B2FEA-0866-4AEF-8F1D-1FD2424CEB0D}.Release|ARM64.ActiveCfg = Release|Win32
		{ED6B2FEA-0866-4AEF-8F1D-1FD2424CEB0D}.Release|x64.ActiveCfg = Release|x64
		{ED6B2FEA-0866-4AEF-8F1D-1FD2424CEB0D}.Release|x64.Build.0 = Release|x64
		{ED6B2FEA-0866-4AEF-8F1D-1FD2424CEB0D}.Release|x86.ActiveCfg = Release|Win32
		{ED6B2FEA-0866-4AEF-8F1D-1FD2424CEB0D}.Release|x86.Build.0 = Release|Win32
		{04DA8A4A-997A-47A3-87A4-AD5F3309F3E9}.Debug|ARM.ActiveCfg = Debug|Win32
		{04DA8A4A-997A-47A3-87A4-AD5F3309F3E9}.Debug|ARM64.ActiveCfg = Debug|Win32
		{04DA8A4A-997A-47A3-87A4-AD5F3309F3E9}.Debug|x64.ActiveCfg = Debug|x64
		{04DA8A4A-997A-47A3-87A4-AD5F3309F3E9}.Debug|x64.Build.0 = Debug|x64
		{04DA8A4A-997A-47A3-87A4-AD5F3309F3E9}.Debug|x86.ActiveCfg = Debug|Win32
		{04DA8A4A-997A-47A3-87A4-AD5F3309F3E9}.Debug|x86.Build.0 = Debug|Win32
		{04DA8A4A-997A-47A3-87A4-AD5F3309F3E9}.Release|ARM.ActiveCfg = Release|Win32
		{04DA8A4A-997A-47A3-87A4-AD5F3309F3E9}.Release|ARM64.ActiveCfg = Release|Win32
		{04DA8A4A-997A-47A3-87A4-AD5F3309F3E9}.Release|x64.ActiveCfg = Release|x64
		{04DA8A4A-997A-47A3-87A4-AD5F3309F3E9}.Release|x64.Build.0 = Release|x64
		{04DA8A4A-997A-47A3-87A4-AD5F3309F3E9}.Release|x86.ActiveCfg = Release|Win32
		{04DA8A4A-997A-47A3-87A4-AD5F3309F3E9}.Release|x86.Build.0 = Release|Win32
		{E7BE277C-49A5-4CF9-9E99-A0CF509EFAAC}.Debug|ARM.ActiveCfg = Debug|Win32
		{E7BE277C-49A5-4CF9-9E99-A0CF509EFAAC}.Debug|ARM64.ActiveCfg = Debug|Win32
		{E7BE277C-49A5-4CF9-9E99-A0CF509EFAAC}.Debug|x64.ActiveCfg = Debug|x64
		{E7BE277C-49A5-4CF9-9E99-A0CF509EFAAC}.Debug|x64.Build.0 = Debug|x64
		{E7BE277C-49A5-4CF9-9E99-A0CF509EFAAC}.Debug|x86.ActiveCfg = Debug|Win32
		{E7BE277C-49A5-4CF9-9E99-A0CF509EFAAC}.Debug|x86.Build.0 = Debug|Win32
		{E7BE277C-49A5-4CF9-9E99-A0CF509EFAAC}.Release|ARM.ActiveCfg = Release|Win32
		{E7BE277C-49A5-4CF9-9E99-A0CF509EFAAC}.Release|ARM64.ActiveCfg = Release|Win32
		{E7BE277C-49A5-4CF9-9E99-A0CF509EFAAC}.Release|x64.ActiveCfg = Release|x64
		{E7BE277C-49A5-4CF9-9E99-A0CF509EFAAC}.Release|x64.Build.0 = Release|x64
		{E7BE277C-49A5-4CF9-9E99-A0CF509EFAAC}.Release|x86.ActiveCfg = Release|Win32
		{E7BE277C-49A5-4CF9-9E99-A0CF509EFAAC}.Release|x86.Build.0 = Release|Win32
		{B68963C9-CFB3-4120-9C1D-2554320BF996}.Debug|ARM.ActiveCfg = Debug|Win32
		{B68963C9-CFB3-4120-9C1D-2554320BF996}.Debug|ARM64.ActiveCfg = Debug|Win32
		{B68963C9-CFB3-4120-9C1D-2554320BF996}.Debug|x64.ActiveCfg = Debug|x64
		{B68963C9-CFB3-4120-9C1D-2554320BF996}.Debug|x64.Build.0 = Debug|x64
		{B68963C9-CFB3-4120-9C1D-2554320BF996}.Debug|x86.ActiveCfg = Debug|Win32
		{B68963C9-CFB3-4120-9C1D-2554320BF996}.Debug|x86.Build.0 = Debug|Win32
		{B68963C9-CFB3-4120-9C1D-2554320BF996}.Release|ARM.ActiveCfg = Release|Win32
		{B68963C9-CFB3-4120-9C1D-2554320BF996}.Release|ARM64.ActiveCfg = Release|Win32
		{B68963C9-CFB3-4120-9C1D-2554320BF996}.Release|x64.ActiveCfg = Release|x64
		{B68963C9-CFB3-4120-9C1D-2554320BF996}.Release|x64.Build.0 = Release|x64
		{B68963C9-CFB3-4120-9C1D-2554320BF996}.Release|x86.ActiveCfg = Release|Win32
		{B68963C9-CFB3-4120-9C1D-2554320BF996}.Release|x86.Build.0 = Release|Win32
		{D0FCE847-8B0B-4E07-AEFF-666A1CABD3FD}.Debug|ARM.ActiveCfg = Debug|Win32
		{D0FCE847-8B0B-4E07-AEFF-666A1CABD3FD}.Debug|ARM64.ActiveCfg = Debug|Win32
		{D0FCE847-8B0B-4E07-AEFF-666A1CABD3FD}.Debug|x64.ActiveCfg = Debug|x64
		{D0FCE847-8B0B-4E07-AEFF-666A1CABD3FD}.Debug|x64.Build.0 = Debug|x64
		{D0FCE847-8B0B-4E07-AEFF-666A1CABD3FD}.Debug|x86.ActiveCfg = Debug|Win32
		{D0FCE847-8B0B-4E07-AEFF-666A1CABD3FD}.Debug|x86.Build.0 = Debug|Win32
		{D0FCE847-8B0B-4E07-AEFF-666A1CABD3FD}.Release|ARM.ActiveCfg = Release|Win32
		{D0FCE847-8B0B-4E07-AEFF-666A1CABD3FD}.Release|ARM64.ActiveCfg = Release|Win32
		{D0FCE847-8B0B-4E07-AEFF-666A1CABD3FD}.Release|x64.ActiveCfg = Release|x64
		{D0FCE847-8B0B-4E07-AEFF-666A1CABD3FD}.Release|x64.Build.0 = Release|x64
		{D0FCE847-8B0B-4E07-AEFF-666A1CABD3FD}.Release|x86.ActiveCfg = Release|Win32
		{D0FCE847-8B0B-4E07-AEFF-666A1CABD3FD}.Release|x86.Build.0 = Release|Win32
		{6A3A7EFC-9750-481B-BEA7-7B3E6852F92C}.Debug|ARM.ActiveCfg = Debug|Win32
		{6A3A7EFC-9750-481B-BEA7-7B3E6852F92C}.Debug|ARM64.ActiveCfg = Debug|Win32
		{6A3A7EFC-9750-481B-BEA7-7B3E6852F92C}.Debug|x64.ActiveCfg = Debug|x64
		{6A3A7EFC-9750-481B-BEA7-7B3E6852F92C}.Debug|x64.Build.0 = Debug|x64
		{6A3A7EFC-9750-481B-BEA7-7B3E6852F92C}.Debug|x86.ActiveCfg = Debug|Win32
		{6A3A7EFC-9750-481B-BEA7-7B3E6852F92C}.Debug|x86.Build.0 = Debug|Win32
		{6A3A7EFC-9750-481B-BEA7-7B3E6852F92C}.Release|ARM.ActiveCfg = Release|Win32
		{6A3A7EFC-9750-481B-BEA7-7B3E6852F92C}.Release|ARM64.ActiveCfg = Release|Win32
		{6A3A7EFC-9750-481B-BEA7-7B3E6852F92C}.Release|x64.ActiveCfg = Release|x64
		{6A3A7EFC-9750-481B-BEA7-7B3E6852F92C}.Release|x64.Build.0 = Release|x64
		{6A3A7EFC-9750-481B-BEA7-7B3E6852F92C}.Release|x86.ActiveCfg = Release|Win32
		{6A3A7EFC-9750-481B-BEA7-7B3E6852F92C}.Release|x86.Build.0 = Release|Win32
		{5AD6008E-34FF-4AAF-BBEF-4A0F956E8824}.Debug|ARM.ActiveCfg = Debug|ARM
		{5AD6008E-34FF-4AAF-BBEF-4A0F956E8824}.Debug|ARM.Build.0 = Debug|ARM
		{5AD6008E-34FF-4AAF-BBEF-4A0F956E8824}.Debug|ARM.Deploy.0 = Debug|ARM
		{5AD6008E-34FF-4AAF-BBEF-4A0F956E8824}.Debug|ARM64.ActiveCfg = Debug|ARM64
		{5AD6008E-34FF-4AAF-BBEF-4A0F956E8824}.Debug|ARM64.Build.0 = Debug|ARM64
		{5AD6008E-34FF-4AAF-BBEF-4A0F956E8824}.Debug|ARM64.Deploy.0 = Debug|ARM64
		{5AD6008E-34FF-4AAF-BBEF-4A0F956E8824}.Debug|x64.ActiveCfg = Debug|x64
		{5AD6008E-34FF-4AAF-BBEF-4A0F956E8824}.Debug|x64.Build.0 = Debug|x64
		{5AD6008E-34FF-4AAF-BBEF-4A0F956E8824}.Debug|x64.Deploy.0 = Debug|x64
		{5AD6008E-34FF-4AAF-BBEF-4A0F956E8824}.Debug|x86.ActiveCfg = Debug|Win32
		{5AD6008E-34FF-4AAF-BBEF-4A0F956E8824}.Debug|x86.Build.0 = Debug|Win32
		{5AD6008E-34FF-4AAF-BBEF-4A0F956E8824}.Debug|x86.Deploy.0 = Debug|Win32
		{5AD6008E-34FF-4AAF-BBEF-4A0F956E8824}.Release|ARM.ActiveCfg = Release|ARM
		{5AD6008E-34FF-4AAF-BBEF-4A0F956E8824}.Release|ARM.Build.0 = Release|ARM
		{5AD6008E-34FF-4AAF-BBEF-4A0F956E8824}.Release|ARM.Deploy.0 = Release|ARM
		{5AD6008E-34FF-4AAF-BBEF-4A0F956E8824}.Release|ARM64.ActiveCfg = Release|ARM64
		{5AD6008E-34FF-4AAF-BBEF-4A0F956E8824}.Release|ARM64.Build.0 = Release|ARM64
		{5AD6008E-34FF-4AAF-BBEF-4A0F956E8824}.Release|ARM64.Deploy.0 = Release|ARM64
		{5AD6008E-34FF-4AAF-BBEF-4A0F956E8824}.Release|x64.ActiveCfg = Release|x64
		{5AD6008E-34FF-4AAF-BBEF-4A0F956E8824}.Release|x64.Build.0 = Release|x64
		{5AD6008E-34FF-4AAF-BBEF-4A0F956E8824}.Release|x64.Deploy.0 = Release|x64
		{5AD6008E-34FF-4AAF-BBEF-4A0F956E8824}.Release|x86.ActiveCfg = Release|Win32
		{5AD6008E-34FF-4AAF-BBEF-4A0F956E8824}.Release|x86.Build.0 = Release|Win32
		{5AD6008E-34FF-4AAF-BBEF-4A0F956E8824}.Release|x86.Deploy.0 = Release|Win32
	EndGlobalSection
	GlobalSection(SolutionProperties) = preSolution
		HideSolutionNode = FALSE
	EndGlobalSection
	GlobalSection(NestedProjects) = preSolution
		{6C5ACD6A-4670-441B-93F8-F14AB4F683E9} = {5085AA70-797B-4643-AFCB-60FAD0958622}
		{6CC0A976-D483-4671-B2F0-BA1F82CF234D} = {5085AA70-797B-4643-AFCB-60FAD0958622}
		{8D8ED572-947C-4C4A-9EBD-E7058D63978A} = {5085AA70-797B-4643-AFCB-60FAD0958622}
		{FC6AB2FA-E041-42D9-BE67-FC7F78CBE923} = {5085AA70-797B-4643-AFCB-60FAD0958622}
		{7F62695A-C2EB-41E4-9AB4-524E84544304} = {5085AA70-797B-4643-AFCB-60FAD0958622}
		{8270B98C-8A6F-43DD-B2BE-6C1F26A6E3A9} = {5085AA70-797B-4643-AFCB-60FAD0958622}
		{01826574-ACBD-43E7-9BB9-C052EF262812} = {5085AA70-797B-4643-AFCB-60FAD0958622}
		{903D8D3A-996A-4C78-A2A8-231A7F6FBBF2} = {5085AA70-797B-4643-AFCB-60FAD0958622}
		{864452D3-AD23-44D6-A512-C91F0FA25B3F} = {5085AA70-797B-4643-AFCB-60FAD0958622}
		{ED6B2FEA-0866-4AEF-8F1D-1FD2424CEB0D} = {5085AA70-797B-4643-AFCB-60FAD0958622}
		{04DA8A4A-997A-47A3-87A4-AD5F3309F3E9} = {5085AA70-797B-4643-AFCB-60FAD0958622}
		{E7BE277C-49A5-4CF9-9E99-A0CF509EFAAC} = {5085AA70-797B-4643-AFCB-60FAD0958622}
		{B68963C9-CFB3-4120-9C1D-2554320BF996} = {5085AA70-797B-4643-AFCB-60FAD0958622}
		{D0FCE847-8B0B-4E07-AEFF-666A1CABD3FD} = {5085AA70-797B-4643-AFCB-60FAD0958622}
		{6A3A7EFC-9750-481B-BEA7-7B3E6852F92C} = {5085AA70-797B-4643-AFCB-60FAD0958622}
		{5AD6008E-34FF-4AAF-BBEF-4A0F956E8824} = {5D769D74-D36E-40BB-8997-CE5AEDB9EB34}
	EndGlobalSection
	GlobalSection(ExtensibilityGlobals) = postSolution
		SolutionGuid = {24E25A1F-D51F-44B1-B19D-3FFB71F0BDAE}
	EndGlobalSection
EndGlobal
